
Microsoft Visual Studio Solution File, Format Version 12.00
# Visual Studio Version 16
VisualStudioVersion = 16.0.30611.23
MinimumVisualStudioVersion = 10.0.40219.1
Project("{FAE04EC0-301F-11D3-BF4B-00C04F79EFBC}") = "Sozvezdie", "Sozvezdie\Sozvezdie.csproj", "{53130233-AA16-4BB2-B3F7-72DC84BBE69D}"
EndProject
Project("{FAE04EC0-301F-11D3-BF4B-00C04F79EFBC}") = "Sozvezdie.BLL", "Sizvezdie.Bll\Sozvezdie.BLL.csproj", "{7EA5C709-D0D7-4FA6-A7D1-FAE30C49E71F}"
EndProject
Project("{FAE04EC0-301F-11D3-BF4B-00C04F79EFBC}") = "Sozvezdie.DAL", "Sozvezdie.DAL\Sozvezdie.DAL.csproj", "{A0665861-5B60-4C04-ABA8-D9B82F922F69}"
EndProject
Global
	GlobalSection(SolutionConfigurationPlatforms) = preSolution
		Debug|Any CPU = Debug|Any CPU
		Release|Any CPU = Release|Any CPU
	EndGlobalSection
	GlobalSection(ProjectConfigurationPlatforms) = postSolution
		{53130233-AA16-4BB2-B3F7-72DC84BBE69D}.Debug|Any CPU.ActiveCfg = Debug|Any CPU
		{53130233-AA16-4BB2-B3F7-72DC84BBE69D}.Debug|Any CPU.Build.0 = Debug|Any CPU
		{53130233-AA16-4BB2-B3F7-72DC84BBE69D}.Release|Any CPU.ActiveCfg = Release|Any CPU
		{53130233-AA16-4BB2-B3F7-72DC84BBE69D}.Release|Any CPU.Build.0 = Release|Any CPU
		{7EA5C709-D0D7-4FA6-A7D1-FAE30C49E71F}.Debug|Any CPU.ActiveCfg = Debug|Any CPU
		{7EA5C709-D0D7-4FA6-A7D1-FAE30C49E71F}.Debug|Any CPU.Build.0 = Debug|Any CPU
		{7EA5C709-D0D7-4FA6-A7D1-FAE30C49E71F}.Release|Any CPU.ActiveCfg = Release|Any CPU
		{7EA5C709-D0D7-4FA6-A7D1-FAE30C49E71F}.Release|Any CPU.Build.0 = Release|Any CPU
		{A0665861-5B60-4C04-ABA8-D9B82F922F69}.Debug|Any CPU.ActiveCfg = Debug|Any CPU
		{A0665861-5B60-4C04-ABA8-D9B82F922F69}.Debug|Any CPU.Build.0 = Debug|Any CPU
		{A0665861-5B60-4C04-ABA8-D9B82F922F69}.Release|Any CPU.ActiveCfg = Release|Any CPU
		{A0665861-5B60-4C04-ABA8-D9B82F922F69}.Release|Any CPU.Build.0 = Release|Any CPU
	EndGlobalSection
	GlobalSection(SolutionProperties) = preSolution
		HideSolutionNode = FALSE
	EndGlobalSection
	GlobalSection(ExtensibilityGlobals) = postSolution
		SolutionGuid = {36AF11E2-DE09-4F86-90E4-5B8071C07BEC}
	EndGlobalSection
EndGlobal
